// !$*UTF8*$!
{
	archiveVersion = 1;
	classes = {
	};
	objectVersion = 50;
	objects = {

/* Begin PBXBuildFile section */
		88FE2C9A2630568900C92BB0 /* AppDelegate.swift in Sources */ = {isa = PBXBuildFile; fileRef = 88FE2C992630568900C92BB0 /* AppDelegate.swift */; };
		88FE2C9C2630568900C92BB0 /* SceneDelegate.swift in Sources */ = {isa = PBXBuildFile; fileRef = 88FE2C9B2630568900C92BB0 /* SceneDelegate.swift */; };
		88FE2C9E2630568900C92BB0 /* ViewController.swift in Sources */ = {isa = PBXBuildFile; fileRef = 88FE2C9D2630568900C92BB0 /* ViewController.swift */; };
		88FE2CA12630568900C92BB0 /* Main.storyboard in Resources */ = {isa = PBXBuildFile; fileRef = 88FE2C9F2630568900C92BB0 /* Main.storyboard */; };
		88FE2CA32630568A00C92BB0 /* Assets.xcassets in Resources */ = {isa = PBXBuildFile; fileRef = 88FE2CA22630568A00C92BB0 /* Assets.xcassets */; };
		88FE2CA62630568A00C92BB0 /* LaunchScreen.storyboard in Resources */ = {isa = PBXBuildFile; fileRef = 88FE2CA42630568A00C92BB0 /* LaunchScreen.storyboard */; };
/* End PBXBuildFile section */

/* Begin PBXFileReference section */
		88FE2C962630568900C92BB0 /* GithubExplorer-Pingthis.app */ = {isa = PBXFileReference; explicitFileType = wrapper.application; includeInIndex = 0; path = "GithubExplorer-Pingthis.app"; sourceTree = BUILT_PRODUCTS_DIR; };
		88FE2C992630568900C92BB0 /* AppDelegate.swift */ = {isa = PBXFileReference; lastKnownFileType = sourcecode.swift; path = AppDelegate.swift; sourceTree = "<group>"; };
		88FE2C9B2630568900C92BB0 /* SceneDelegate.swift */ = {isa = PBXFileReference; lastKnownFileType = sourcecode.swift; path = SceneDelegate.swift; sourceTree = "<group>"; };
		88FE2C9D2630568900C92BB0 /* ViewController.swift */ = {isa = PBXFileReference; lastKnownFileType = sourcecode.swift; path = ViewController.swift; sourceTree = "<group>"; };
		88FE2CA02630568900C92BB0 /* Base */ = {isa = PBXFileReference; lastKnownFileType = file.storyboard; name = Base; path = Base.lproj/Main.storyboard; sourceTree = "<group>"; };
		88FE2CA22630568A00C92BB0 /* Assets.xcassets */ = {isa = PBXFileReference; lastKnownFileType = folder.assetcatalog; path = Assets.xcassets; sourceTree = "<group>"; };
		88FE2CA52630568A00C92BB0 /* Base */ = {isa = PBXFileReference; lastKnownFileType = file.storyboard; name = Base; path = Base.lproj/LaunchScreen.storyboard; sourceTree = "<group>"; };
		88FE2CA72630568A00C92BB0 /* Info.plist */ = {isa = PBXFileReference; lastKnownFileType = text.plist.xml; path = Info.plist; sourceTree = "<group>"; };
/* End PBXFileReference section */

/* Begin PBXFrameworksBuildPhase section */
		88FE2C932630568900C92BB0 /* Frameworks */ = {
			isa = PBXFrameworksBuildPhase;
			buildActionMask = 2147483647;
			files = (
			);
			runOnlyForDeploymentPostprocessing = 0;
		};
/* End PBXFrameworksBuildPhase section */

/* Begin PBXGroup section */
		88FE2C8D2630568900C92BB0 = {
			isa = PBXGroup;
			children = (
				88FE2C982630568900C92BB0 /* GithubExplorer-Pingthis */,
				88FE2C972630568900C92BB0 /* Products */,
			);
			sourceTree = "<group>";
		};
		88FE2C972630568900C92BB0 /* Products */ = {
			isa = PBXGroup;
			children = (
				88FE2C962630568900C92BB0 /* GithubExplorer-Pingthis.app */,
			);
			name = Products;
			sourceTree = "<group>";
		};
		88FE2C982630568900C92BB0 /* GithubExplorer-Pingthis */ = {
			isa = PBXGroup;
			children = (
				88FE2C992630568900C92BB0 /* AppDelegate.swift */,
				88FE2C9B2630568900C92BB0 /* SceneDelegate.swift */,
				88FE2C9D2630568900C92BB0 /* ViewController.swift */,
				88FE2C9F2630568900C92BB0 /* Main.storyboard */,
				88FE2CA22630568A00C92BB0 /* Assets.xcassets */,
				88FE2CA42630568A00C92BB0 /* LaunchScreen.storyboard */,
				88FE2CA72630568A00C92BB0 /* Info.plist */,
			);
			path = "GithubExplorer-Pingthis";
			sourceTree = "<group>";
		};
/* End PBXGroup section */

/* Begin PBXNativeTarget section */
		88FE2C952630568900C92BB0 /* GithubExplorer-Pingthis */ = {
			isa = PBXNativeTarget;
			buildConfigurationList = 88FE2CAA2630568A00C92BB0 /* Build configuration list for PBXNativeTarget "GithubExplorer-Pingthis" */;
			buildPhases = (
				88FE2C922630568900C92BB0 /* Sources */,
				88FE2C932630568900C92BB0 /* Frameworks */,
				88FE2C942630568900C92BB0 /* Resources */,
			);
			buildRules = (
			);
			dependencies = (
			);
			name = "GithubExplorer-Pingthis";
			productName = "GithubExplorer-Pingthis";
			productReference = 88FE2C962630568900C92BB0 /* GithubExplorer-Pingthis.app */;
			productType = "com.apple.product-type.application";
		};
/* End PBXNativeTarget section */

/* Begin PBXProject section */
		88FE2C8E2630568900C92BB0 /* Project object */ = {
			isa = PBXProject;
			attributes = {
				LastSwiftUpdateCheck = 1240;
				LastUpgradeCheck = 1240;
				TargetAttributes = {
					88FE2C952630568900C92BB0 = {
						CreatedOnToolsVersion = 12.4;
					};
				};
			};
			buildConfigurationList = 88FE2C912630568900C92BB0 /* Build configuration list for PBXProject "GithubExplorer-Pingthis" */;
			compatibilityVersion = "Xcode 9.3";
			developmentRegion = en;
			hasScannedForEncodings = 0;
			knownRegions = (
				en,
				Base,
			);
			mainGroup = 88FE2C8D2630568900C92BB0;
			productRefGroup = 88FE2C972630568900C92BB0 /* Products */;
			projectDirPath = "";
			projectRoot = "";
			targets = (
				88FE2C952630568900C92BB0 /* GithubExplorer-Pingthis */,
			);
		};
/* End PBXProject section */

/* Begin PBXResourcesBuildPhase section */
		88FE2C942630568900C92BB0 /* Resources */ = {
			isa = PBXResourcesBuildPhase;
			buildActionMask = 2147483647;
			files = (
				88FE2CA62630568A00C92BB0 /* LaunchScreen.storyboard in Resources */,
				88FE2CA32630568A00C92BB0 /* Assets.xcassets in Resources */,
				88FE2CA12630568900C92BB0 /* Main.storyboard in Resources */,
			);
			runOnlyForDeploymentPostprocessing = 0;
		};
/* End PBXResourcesBuildPhase section */

/* Begin PBXSourcesBuildPhase section */
		88FE2C922630568900C92BB0 /* Sources */ = {
			isa = PBXSourcesBuildPhase;
			buildActionMask = 2147483647;
			files = (
				88FE2C9E2630568900C92BB0 /* ViewController.swift in Sources */,
				88FE2C9A2630568900C92BB0 /* AppDelegate.swift in Sources */,
				88FE2C9C2630568900C92BB0 /* SceneDelegate.swift in Sources */,
			);
			runOnlyForDeploymentPostprocessing = 0;
		};
/* End PBXSourcesBuildPhase section */

/* Begin PBXVariantGroup section */
		88FE2C9F2630568900C92BB0 /* Main.storyboard */ = {
			isa = PBXVariantGroup;
			children = (
				88FE2CA02630568900C92BB0 /* Base */,
			);
			name = Main.storyboard;
			sourceTree = "<group>";
		};
		88FE2CA42630568A00C92BB0 /* LaunchScreen.storyboard */ = {
			isa = PBXVariantGroup;
			children = (
				88FE2CA52630568A00C92BB0 /* Base */,
			);
			name = LaunchScreen.storyboard;
			sourceTree = "<group>";
		};
/* End PBXVariantGroup section */

/* Begin XCBuildConfiguration section */
		88FE2CA82630568A00C92BB0 /* Debug */ = {
			isa = XCBuildConfiguration;
			buildSettings = {
				ALWAYS_SEARCH_USER_PATHS = NO;
				CLANG_ANALYZER_NONNULL = YES;
				CLANG_ANALYZER_NUMBER_OBJECT_CONVERSION = YES_AGGRESSIVE;
				CLANG_CXX_LANGUAGE_STANDARD = "gnu++14";
				CLANG_CXX_LIBRARY = "libc++";
				CLANG_ENABLE_MODULES = YES;
				CLANG_ENABLE_OBJC_ARC = YES;
				CLANG_ENABLE_OBJC_WEAK = YES;
				CLANG_WARN_BLOCK_CAPTURE_AUTORELEASING = YES;
				CLANG_WARN_BOOL_CONVERSION = YES;
				CLANG_WARN_COMMA = YES;
				CLANG_WARN_CONSTANT_CONVERSION = YES;
				CLANG_WARN_DEPRECATED_OBJC_IMPLEMENTATIONS = YES;
				CLANG_WARN_DIRECT_OBJC_ISA_USAGE = YES_ERROR;
				CLANG_WARN_DOCUMENTATION_COMMENTS = YES;
				CLANG_WARN_EMPTY_BODY = YES;
				CLANG_WARN_ENUM_CONVERSION = YES;
				CLANG_WARN_INFINITE_RECURSION = YES;
				CLANG_WARN_INT_CONVERSION = YES;
				CLANG_WARN_NON_LITERAL_NULL_CONVERSION = YES;
				CLANG_WARN_OBJC_IMPLICIT_RETAIN_SELF = YES;
				CLANG_WARN_OBJC_LITERAL_CONVERSION = YES;
				CLANG_WARN_OBJC_ROOT_CLASS = YES_ERROR;
				CLANG_WARN_QUOTED_INCLUDE_IN_FRAMEWORK_HEADER = YES;
				CLANG_WARN_RANGE_LOOP_ANALYSIS = YES;
				CLANG_WARN_STRICT_PROTOTYPES = YES;
				CLANG_WARN_SUSPICIOUS_MOVE = YES;
				CLANG_WARN_UNGUARDED_AVAILABILITY = YES_AGGRESSIVE;
				CLANG_WARN_UNREACHABLE_CODE = YES;
				CLANG_WARN__DUPLICATE_METHOD_MATCH = YES;
				COPY_PHASE_STRIP = NO;
				DEBUG_INFORMATION_FORMAT = dwarf;
				ENABLE_STRICT_OBJC_MSGSEND = YES;
				ENABLE_TESTABILITY = YES;
				GCC_C_LANGUAGE_STANDARD = gnu11;
				GCC_DYNAMIC_NO_PIC = NO;
				GCC_NO_COMMON_BLOCKS = YES;
				GCC_OPTIMIZATION_LEVEL = 0;
				GCC_PREPROCESSOR_DEFINITIONS = (
					"DEBUG=1",
					"$(inherited)",
				);
				GCC_WARN_64_TO_32_BIT_CONVERSION = YES;
				GCC_WARN_ABOUT_RETURN_TYPE = YES_ERROR;
				GCC_WARN_UNDECLARED_SELECTOR = YES;
				GCC_WARN_UNINITIALIZED_AUTOS = YES_AGGRESSIVE;
				GCC_WARN_UNUSED_FUNCTION = YES;
				GCC_WARN_UNUSED_VARIABLE = YES;
				IPHONEOS_DEPLOYMENT_TARGET = 14.4;
				MTL_ENABLE_DEBUG_INFO = INCLUDE_SOURCE;
				MTL_FAST_MATH = YES;
				ONLY_ACTIVE_ARCH = YES;
				SDKROOT = iphoneos;
				SWIFT_ACTIVE_COMPILATION_CONDITIONS = DEBUG;
				SWIFT_OPTIMIZATION_LEVEL = "-Onone";
			};
			name = Debug;
		};
		88FE2CA92630568A00C92BB0 /* Release */ = {
			isa = XCBuildConfiguration;
			buildSettings = {
				ALWAYS_SEARCH_USER_PATHS = NO;
				CLANG_ANALYZER_NONNULL = YES;
				CLANG_ANALYZER_NUMBER_OBJECT_CONVERSION = YES_AGGRESSIVE;
				CLANG_CXX_LANGUAGE_STANDARD = "gnu++14";
				CLANG_CXX_LIBRARY = "libc++";
				CLANG_ENABLE_MODULES = YES;
				CLANG_ENABLE_OBJC_ARC = YES;
				CLANG_ENABLE_OBJC_WEAK = YES;
				CLANG_WARN_BLOCK_CAPTURE_AUTORELEASING = YES;
				CLANG_WARN_BOOL_CONVERSION = YES;
				CLANG_WARN_COMMA = YES;
				CLANG_WARN_CONSTANT_CONVERSION = YES;
				CLANG_WARN_DEPRECATED_OBJC_IMPLEMENTATIONS = YES;
				CLANG_WARN_DIRECT_OBJC_ISA_USAGE = YES_ERROR;
				CLANG_WARN_DOCUMENTATION_COMMENTS = YES;
				CLANG_WARN_EMPTY_BODY = YES;
				CLANG_WARN_ENUM_CONVERSION = YES;
				CLANG_WARN_INFINITE_RECURSION = YES;
				CLANG_WARN_INT_CONVERSION = YES;
				CLANG_WARN_NON_LITERAL_NULL_CONVERSION = YES;
				CLANG_WARN_OBJC_IMPLICIT_RETAIN_SELF = YES;
				CLANG_WARN_OBJC_LITERAL_CONVERSION = YES;
				CLANG_WARN_OBJC_ROOT_CLASS = YES_ERROR;
				CLANG_WARN_QUOTED_INCLUDE_IN_FRAMEWORK_HEADER = YES;
				CLANG_WARN_RANGE_LOOP_ANALYSIS = YES;
				CLANG_WARN_STRICT_PROTOTYPES = YES;
				CLANG_WARN_SUSPICIOUS_MOVE = YES;
				CLANG_WARN_UNGUARDED_AVAILABILITY = YES_AGGRESSIVE;
				CLANG_WARN_UNREACHABLE_CODE = YES;
				CLANG_WARN__DUPLICATE_METHOD_MATCH = YES;
				COPY_PHASE_STRIP = NO;
				DEBUG_INFORMATION_FORMAT = "dwarf-with-dsym";
				ENABLE_NS_ASSERTIONS = NO;
				ENABLE_STRICT_OBJC_MSGSEND = YES;
				GCC_C_LANGUAGE_STANDARD = gnu11;
				GCC_NO_COMMON_BLOCKS = YES;
				GCC_WARN_64_TO_32_BIT_CONVERSION = YES;
				GCC_WARN_ABOUT_RETURN_TYPE = YES_ERROR;
				GCC_WARN_UNDECLARED_SELECTOR = YES;
				GCC_WARN_UNINITIALIZED_AUTOS = YES_AGGRESSIVE;
				GCC_WARN_UNUSED_FUNCTION = YES;
				GCC_WARN_UNUSED_VARIABLE = YES;
				IPHONEOS_DEPLOYMENT_TARGET = 14.4;
				MTL_ENABLE_DEBUG_INFO = NO;
				MTL_FAST_MATH = YES;
				SDKROOT = iphoneos;
				SWIFT_COMPILATION_MODE = wholemodule;
				SWIFT_OPTIMIZATION_LEVEL = "-O";
				VALIDATE_PRODUCT = YES;
			};
			name = Release;
		};
		88FE2CAB2630568A00C92BB0 /* Debug */ = {
			isa = XCBuildConfiguration;
			buildSettings = {
				ASSETCATALOG_COMPILER_APPICON_NAME = AppIcon;
				ASSETCATALOG_COMPILER_GLOBAL_ACCENT_COLOR_NAME = AccentColor;
				CODE_SIGN_STYLE = Automatic;
				DEVELOPMENT_TEAM = 2P37A69V42;
				INFOPLIST_FILE = "GithubExplorer-Pingthis/Info.plist";
				LD_RUNPATH_SEARCH_PATHS = (
					"$(inherited)",
					"@executable_path/Frameworks",
				);
				PRODUCT_BUNDLE_IDENTIFIER = "com.ghost.GithubExplorer-Pingthis";
				PRODUCT_NAME = "$(TARGET_NAME)";
				SWIFT_VERSION = 5.0;
				TARGETED_DEVICE_FAMILY = "1,2";
			};
			name = Debug;
		};
		88FE2CAC2630568A00C92BB0 /* Release */ = {
			isa = XCBuildConfiguration;
			buildSettings = {
				ASSETCATALOG_COMPILER_APPICON_NAME = AppIcon;
				ASSETCATALOG_COMPILER_GLOBAL_ACCENT_COLOR_NAME = AccentColor;
				CODE_SIGN_STYLE = Automatic;
				DEVELOPMENT_TEAM = 2P37A69V42;
				INFOPLIST_FILE = "GithubExplorer-Pingthis/Info.plist";
				LD_RUNPATH_SEARCH_PATHS = (
					"$(inherited)",
					"@executable_path/Frameworks",
				);
				PRODUCT_BUNDLE_IDENTIFIER = "com.ghost.GithubExplorer-Pingthis";
				PRODUCT_NAME = "$(TARGET_NAME)";
				SWIFT_VERSION = 5.0;
				TARGETED_DEVICE_FAMILY = "1,2";
			};
			name = Release;
		};
/* End XCBuildConfiguration section */

/* Begin XCConfigurationList section */
		88FE2C912630568900C92BB0 /* Build configuration list for PBXProject "GithubExplorer-Pingthis" */ = {
			isa = XCConfigurationList;
			buildConfigurations = (
				88FE2CA82630568A00C92BB0 /* Debug */,
				88FE2CA92630568A00C92BB0 /* Release */,
			);
			defaultConfigurationIsVisible = 0;
			defaultConfigurationName = Release;
		};
		88FE2CAA2630568A00C92BB0 /* Build configuration list for PBXNativeTarget "GithubExplorer-Pingthis" */ = {
			isa = XCConfigurationList;
			buildConfigurations = (
				88FE2CAB2630568A00C92BB0 /* Debug */,
				88FE2CAC2630568A00C92BB0 /* Release */,
			);
			defaultConfigurationIsVisible = 0;
			defaultConfigurationName = Release;
		};
/* End XCConfigurationList section */
	};
	rootObject = 88FE2C8E2630568900C92BB0 /* Project object */;
}
